
Microsoft Visual Studio Solution File, Format Version 12.00
# Visual Studio Version 16
VisualStudioVersion = 16.0.29728.190
MinimumVisualStudioVersion = 10.0.40219.1
Project("{FAE04EC0-301F-11D3-BF4B-00C04F79EFBC}") = "MyTask", "Task\MyTask.csproj", "{69B0AE77-4D7D-48B1-A3DB-F0F2EB8E30C5}"
EndProject
Global
	GlobalSection(SolutionConfigurationPlatforms) = preSolution
		Debug|Any CPU = Debug|Any CPU
		Release|Any CPU = Release|Any CPU
	EndGlobalSection
	GlobalSection(ProjectConfigurationPlatforms) = postSolution
		{69B0AE77-4D7D-48B1-A3DB-F0F2EB8E30C5}.Debug|Any CPU.ActiveCfg = Debug|Any CPU
		{69B0AE77-4D7D-48B1-A3DB-F0F2EB8E30C5}.Debug|Any CPU.Build.0 = Debug|Any CPU
		{69B0AE77-4D7D-48B1-A3DB-F0F2EB8E30C5}.Release|Any CPU.ActiveCfg = Release|Any CPU
		{69B0AE77-4D7D-48B1-A3DB-F0F2EB8E30C5}.Release|Any CPU.Build.0 = Release|Any CPU
	EndGlobalSection
	GlobalSection(SolutionProperties) = preSolution
		HideSolutionNode = FALSE
	EndGlobalSection
	GlobalSection(ExtensibilityGlobals) = postSolution
		SolutionGuid = {27DA3278-9250-4FF7-A8B2-682342A9628F}
	EndGlobalSection
EndGlobal
